
Microsoft Visual Studio Solution File, Format Version 12.00
# Visual Studio Version 17
VisualStudioVersion = 17.14.36212.18
MinimumVisualStudioVersion = 10.0.40219.1
Project("{FAE04EC0-301F-11D3-BF4B-00C04F79EFBC}") = "HarmonySound.Models", "HarmonySound.Models\HarmonySound.Models.csproj", "{0BDAC42D-C3BC-408E-9FBE-BD822D3FDDAC}"
EndProject
Project("{FAE04EC0-301F-11D3-BF4B-00C04F79EFBC}") = "HarmonySound.MVC", "HarmonySound.MVC\HarmonySound.MVC.csproj", "{5B8C4FFE-E506-40EB-8278-0FCA2800EA77}"
EndProject
Project("{FAE04EC0-301F-11D3-BF4B-00C04F79EFBC}") = "HarmonySound.API.Consumer", "HarmonySound.API.Consumer\HarmonySound.API.Consumer.csproj", "{4E5F549F-71D1-4A78-8A3C-0C64B8FB25F9}"
EndProject
Global
	GlobalSection(SolutionConfigurationPlatforms) = preSolution
		Debug|Any CPU = Debug|Any CPU
		Release|Any CPU = Release|Any CPU
	EndGlobalSection
	GlobalSection(ProjectConfigurationPlatforms) = postSolution
		{0BDAC42D-C3BC-408E-9FBE-BD822D3FDDAC}.Debug|Any CPU.ActiveCfg = Debug|Any CPU
		{0BDAC42D-C3BC-408E-9FBE-BD822D3FDDAC}.Debug|Any CPU.Build.0 = Debug|Any CPU
		{0BDAC42D-C3BC-408E-9FBE-BD822D3FDDAC}.Release|Any CPU.ActiveCfg = Release|Any CPU
		{0BDAC42D-C3BC-408E-9FBE-BD822D3FDDAC}.Release|Any CPU.Build.0 = Release|Any CPU
		{5B8C4FFE-E506-40EB-8278-0FCA2800EA77}.Debug|Any CPU.ActiveCfg = Debug|Any CPU
		{5B8C4FFE-E506-40EB-8278-0FCA2800EA77}.Debug|Any CPU.Build.0 = Debug|Any CPU
		{5B8C4FFE-E506-40EB-8278-0FCA2800EA77}.Release|Any CPU.ActiveCfg = Release|Any CPU
		{5B8C4FFE-E506-40EB-8278-0FCA2800EA77}.Release|Any CPU.Build.0 = Release|Any CPU
		{4E5F549F-71D1-4A78-8A3C-0C64B8FB25F9}.Debug|Any CPU.ActiveCfg = Debug|Any CPU
		{4E5F549F-71D1-4A78-8A3C-0C64B8FB25F9}.Debug|Any CPU.Build.0 = Debug|Any CPU
		{4E5F549F-71D1-4A78-8A3C-0C64B8FB25F9}.Release|Any CPU.ActiveCfg = Release|Any CPU
		{4E5F549F-71D1-4A78-8A3C-0C64B8FB25F9}.Release|Any CPU.Build.0 = Release|Any CPU
	EndGlobalSection
	GlobalSection(SolutionProperties) = preSolution
		HideSolutionNode = FALSE
	EndGlobalSection
	GlobalSection(ExtensibilityGlobals) = postSolution
		SolutionGuid = {55D9808A-54BF-4F80-BA0E-11F4C5D8E2EB}
	EndGlobalSection
EndGlobal
